
Microsoft Visual Studio Solution File, Format Version 12.00
# Visual Studio Version 17
VisualStudioVersion = 17.6.33829.357
MinimumVisualStudioVersion = 10.0.40219.1
Project("{FAE04EC0-301F-11D3-BF4B-00C04F79EFBC}") = "Bai_Tap_Chuong3", "Bai_Tap_Chuong3\Bai_Tap_Chuong3.csproj", "{10ED62A7-4585-4551-A198-C02938E41625}"
EndProject
Global
	GlobalSection(SolutionConfigurationPlatforms) = preSolution
		Debug|Any CPU = Debug|Any CPU
		Release|Any CPU = Release|Any CPU
	EndGlobalSection
	GlobalSection(ProjectConfigurationPlatforms) = postSolution
		{10ED62A7-4585-4551-A198-C02938E41625}.Debug|Any CPU.ActiveCfg = Debug|Any CPU
		{10ED62A7-4585-4551-A198-C02938E41625}.Debug|Any CPU.Build.0 = Debug|Any CPU
		{10ED62A7-4585-4551-A198-C02938E41625}.Release|Any CPU.ActiveCfg = Release|Any CPU
		{10ED62A7-4585-4551-A198-C02938E41625}.Release|Any CPU.Build.0 = Release|Any CPU
	EndGlobalSection
	GlobalSection(SolutionProperties) = preSolution
		HideSolutionNode = FALSE
	EndGlobalSection
	GlobalSection(ExtensibilityGlobals) = postSolution
		SolutionGuid = {D236E8E0-039A-4FB8-9430-16A9C8243A5B}
	EndGlobalSection
EndGlobal
